
Microsoft Visual Studio Solution File, Format Version 12.00
# Visual Studio 15
VisualStudioVersion = 15.0.28307.136
MinimumVisualStudioVersion = 10.0.40219.1
Project("{FAE04EC0-301F-11D3-BF4B-00C04F79EFBC}") = "CSV-Remapper", "CSV-Remapper\CSV-Remapper.csproj", "{C4A5E1AA-8EE3-4A1E-88EC-34956C19E234}"
EndProject
Global
	GlobalSection(SolutionConfigurationPlatforms) = preSolution
		Debug|Any CPU = Debug|Any CPU
		Release|Any CPU = Release|Any CPU
	EndGlobalSection
	GlobalSection(ProjectConfigurationPlatforms) = postSolution
		{C4A5E1AA-8EE3-4A1E-88EC-34956C19E234}.Debug|Any CPU.ActiveCfg = Debug|Any CPU
		{C4A5E1AA-8EE3-4A1E-88EC-34956C19E234}.Debug|Any CPU.Build.0 = Debug|Any CPU
		{C4A5E1AA-8EE3-4A1E-88EC-34956C19E234}.Release|Any CPU.ActiveCfg = Release|Any CPU
		{C4A5E1AA-8EE3-4A1E-88EC-34956C19E234}.Release|Any CPU.Build.0 = Release|Any CPU
	EndGlobalSection
	GlobalSection(SolutionProperties) = preSolution
		HideSolutionNode = FALSE
	EndGlobalSection
	GlobalSection(ExtensibilityGlobals) = postSolution
		SolutionGuid = {DF4B0DBE-AE4F-479D-B659-4EDD10E9E961}
	EndGlobalSection
EndGlobal
